{
  "pins" : [
    {
      "identity" : "horizoncalendar",
      "kind" : "remoteSourceControl",
      "location" : "https://github.com/airbnb/HorizonCalendar",
      "state" : {
        "branch" : "master",
        "revision" : "a569fbc2f613143de0654f7fec3dafd439c1125d"
      }
    }
  ],
  "version" : 2
}
